
Microsoft Visual Studio Solution File, Format Version 12.00
# Visual Studio 2013
VisualStudioVersion = 12.0.31101.0
MinimumVisualStudioVersion = 10.0.40219.1
Project("{FAE04EC0-301F-11D3-BF4B-00C04F79EFBC}") = "ObjectsLibrary", "ObjectsLibrary\ObjectsLibrary.csproj", "{A9306F4E-384B-4319-9900-4C975C25EDDB}"
EndProject
Project("{FAE04EC0-301F-11D3-BF4B-00C04F79EFBC}") = "Excel2ProjAddin", "Excel2ProjAddin\Excel2ProjAddin.csproj", "{E6DFA261-CDE5-4BC3-B6ED-564C203AC500}"
EndProject
Project("{FAE04EC0-301F-11D3-BF4B-00C04F79EFBC}") = "Test", "UnitTestProject1\Test.csproj", "{F38BFDBB-F50F-444B-BCB7-3DDB5856DEF9}"
EndProject
Project("{6141683F-8A12-4E36-9623-2EB02B2C2303}") = "Setup1", "Setup1\Setup1.isproj", "{88DF767D-5219-4266-9398-0CE91A240E38}"
	ProjectSection(ProjectDependencies) = postProject
		{E6DFA261-CDE5-4BC3-B6ED-564C203AC500} = {E6DFA261-CDE5-4BC3-B6ED-564C203AC500}
	EndProjectSection
EndProject
Project("{2150E333-8FDC-42A3-9474-1A3956D46DE8}") = "Solution Items", "Solution Items", "{684E7776-546C-405F-9DFB-35A0EF5D834C}"
	ProjectSection(SolutionItems) = preProject
		..\..\..\..\OneDrive\Documents\USER GUIDE.docx = ..\..\..\..\OneDrive\Documents\USER GUIDE.docx
	EndProjectSection
EndProject
Global
	GlobalSection(SolutionConfigurationPlatforms) = preSolution
		CD_ROM|Any CPU = CD_ROM|Any CPU
		Debug|Any CPU = Debug|Any CPU
		DVD-5|Any CPU = DVD-5|Any CPU
		Release|Any CPU = Release|Any CPU
		SingleImage|Any CPU = SingleImage|Any CPU
	EndGlobalSection
	GlobalSection(ProjectConfigurationPlatforms) = postSolution
		{A9306F4E-384B-4319-9900-4C975C25EDDB}.CD_ROM|Any CPU.ActiveCfg = Release|Any CPU
		{A9306F4E-384B-4319-9900-4C975C25EDDB}.CD_ROM|Any CPU.Build.0 = Release|Any CPU
		{A9306F4E-384B-4319-9900-4C975C25EDDB}.Debug|Any CPU.ActiveCfg = Debug|Any CPU
		{A9306F4E-384B-4319-9900-4C975C25EDDB}.Debug|Any CPU.Build.0 = Debug|Any CPU
		{A9306F4E-384B-4319-9900-4C975C25EDDB}.DVD-5|Any CPU.ActiveCfg = Debug|Any CPU
		{A9306F4E-384B-4319-9900-4C975C25EDDB}.DVD-5|Any CPU.Build.0 = Debug|Any CPU
		{A9306F4E-384B-4319-9900-4C975C25EDDB}.Release|Any CPU.ActiveCfg = Release|Any CPU
		{A9306F4E-384B-4319-9900-4C975C25EDDB}.Release|Any CPU.Build.0 = Release|Any CPU
		{A9306F4E-384B-4319-9900-4C975C25EDDB}.SingleImage|Any CPU.ActiveCfg = Release|Any CPU
		{A9306F4E-384B-4319-9900-4C975C25EDDB}.SingleImage|Any CPU.Build.0 = Release|Any CPU
		{E6DFA261-CDE5-4BC3-B6ED-564C203AC500}.CD_ROM|Any CPU.ActiveCfg = Release|Any CPU
		{E6DFA261-CDE5-4BC3-B6ED-564C203AC500}.CD_ROM|Any CPU.Build.0 = Release|Any CPU
		{E6DFA261-CDE5-4BC3-B6ED-564C203AC500}.Debug|Any CPU.ActiveCfg = Debug|Any CPU
		{E6DFA261-CDE5-4BC3-B6ED-564C203AC500}.Debug|Any CPU.Build.0 = Debug|Any CPU
		{E6DFA261-CDE5-4BC3-B6ED-564C203AC500}.DVD-5|Any CPU.ActiveCfg = Debug|Any CPU
		{E6DFA261-CDE5-4BC3-B6ED-564C203AC500}.DVD-5|Any CPU.Build.0 = Debug|Any CPU
		{E6DFA261-CDE5-4BC3-B6ED-564C203AC500}.Release|Any CPU.ActiveCfg = Release|Any CPU
		{E6DFA261-CDE5-4BC3-B6ED-564C203AC500}.Release|Any CPU.Build.0 = Release|Any CPU
		{E6DFA261-CDE5-4BC3-B6ED-564C203AC500}.SingleImage|Any CPU.ActiveCfg = Release|Any CPU
		{E6DFA261-CDE5-4BC3-B6ED-564C203AC500}.SingleImage|Any CPU.Build.0 = Release|Any CPU
		{F38BFDBB-F50F-444B-BCB7-3DDB5856DEF9}.CD_ROM|Any CPU.ActiveCfg = Release|Any CPU
		{F38BFDBB-F50F-444B-BCB7-3DDB5856DEF9}.CD_ROM|Any CPU.Build.0 = Release|Any CPU
		{F38BFDBB-F50F-444B-BCB7-3DDB5856DEF9}.Debug|Any CPU.ActiveCfg = Debug|Any CPU
		{F38BFDBB-F50F-444B-BCB7-3DDB5856DEF9}.Debug|Any CPU.Build.0 = Debug|Any CPU
		{F38BFDBB-F50F-444B-BCB7-3DDB5856DEF9}.DVD-5|Any CPU.ActiveCfg = Debug|Any CPU
		{F38BFDBB-F50F-444B-BCB7-3DDB5856DEF9}.DVD-5|Any CPU.Build.0 = Debug|Any CPU
		{F38BFDBB-F50F-444B-BCB7-3DDB5856DEF9}.Release|Any CPU.ActiveCfg = Release|Any CPU
		{F38BFDBB-F50F-444B-BCB7-3DDB5856DEF9}.Release|Any CPU.Build.0 = Release|Any CPU
		{F38BFDBB-F50F-444B-BCB7-3DDB5856DEF9}.SingleImage|Any CPU.ActiveCfg = Release|Any CPU
		{F38BFDBB-F50F-444B-BCB7-3DDB5856DEF9}.SingleImage|Any CPU.Build.0 = Release|Any CPU
		{88DF767D-5219-4266-9398-0CE91A240E38}.CD_ROM|Any CPU.ActiveCfg = CD_ROM
		{88DF767D-5219-4266-9398-0CE91A240E38}.CD_ROM|Any CPU.Build.0 = CD_ROM
		{88DF767D-5219-4266-9398-0CE91A240E38}.Debug|Any CPU.ActiveCfg = DVD-5
		{88DF767D-5219-4266-9398-0CE91A240E38}.Debug|Any CPU.Build.0 = DVD-5
		{88DF767D-5219-4266-9398-0CE91A240E38}.DVD-5|Any CPU.ActiveCfg = DVD-5
		{88DF767D-5219-4266-9398-0CE91A240E38}.DVD-5|Any CPU.Build.0 = DVD-5
		{88DF767D-5219-4266-9398-0CE91A240E38}.Release|Any CPU.ActiveCfg = SingleImage
		{88DF767D-5219-4266-9398-0CE91A240E38}.Release|Any CPU.Build.0 = SingleImage
		{88DF767D-5219-4266-9398-0CE91A240E38}.SingleImage|Any CPU.ActiveCfg = SingleImage
		{88DF767D-5219-4266-9398-0CE91A240E38}.SingleImage|Any CPU.Build.0 = SingleImage
	EndGlobalSection
	GlobalSection(SolutionProperties) = preSolution
		HideSolutionNode = FALSE
	EndGlobalSection
EndGlobal
