
Microsoft Visual Studio Solution File, Format Version 12.00
# Visual Studio 2013
VisualStudioVersion = 12.0.30723.0
MinimumVisualStudioVersion = 10.0.40219.1
Project("{FAE04EC0-301F-11D3-BF4B-00C04F79EFBC}") = "ObjectsLibrary", "ObjectsLibrary\ObjectsLibrary.csproj", "{A9306F4E-384B-4319-9900-4C975C25EDDB}"
EndProject
Project("{2150E333-8FDC-42A3-9474-1A3956D46DE8}") = ".nuget", ".nuget", "{38A3572D-8331-4950-8FEE-E7CE029E1B55}"
	ProjectSection(SolutionItems) = preProject
		.nuget\packages.config = .nuget\packages.config
	EndProjectSection
EndProject
Project("{FAE04EC0-301F-11D3-BF4B-00C04F79EFBC}") = "Test", "Test\Test.csproj", "{5A513A5C-FDF0-45D5-BF5D-1D81E79074A0}"
EndProject
Project("{FAE04EC0-301F-11D3-BF4B-00C04F79EFBC}") = "Excel2ProjAddin", "Excel2ProjAddin\Excel2ProjAddin.csproj", "{E6DFA261-CDE5-4BC3-B6ED-564C203AC500}"
EndProject
Project("{FAE04EC0-301F-11D3-BF4B-00C04F79EFBC}") = "TrialMaker", "TrialMaker\TrialMaker.csproj", "{2A803CAE-16F1-44C4-BF6D-2CAE88CDE659}"
EndProject
Project("{FAE04EC0-301F-11D3-BF4B-00C04F79EFBC}") = "TrialMaker Example", "TrialMaker Example\TrialMaker Example.csproj", "{BC1B622E-5D95-4BCB-88B9-908BF297BCA5}"
EndProject
Global
	GlobalSection(SolutionConfigurationPlatforms) = preSolution
		CD_ROM|Any CPU = CD_ROM|Any CPU
		Debug|Any CPU = Debug|Any CPU
		DVD-5|Any CPU = DVD-5|Any CPU
		Release|Any CPU = Release|Any CPU
		SingleImage|Any CPU = SingleImage|Any CPU
	EndGlobalSection
	GlobalSection(ProjectConfigurationPlatforms) = postSolution
		{A9306F4E-384B-4319-9900-4C975C25EDDB}.CD_ROM|Any CPU.ActiveCfg = Release|Any CPU
		{A9306F4E-384B-4319-9900-4C975C25EDDB}.CD_ROM|Any CPU.Build.0 = Release|Any CPU
		{A9306F4E-384B-4319-9900-4C975C25EDDB}.Debug|Any CPU.ActiveCfg = Debug|Any CPU
		{A9306F4E-384B-4319-9900-4C975C25EDDB}.Debug|Any CPU.Build.0 = Debug|Any CPU
		{A9306F4E-384B-4319-9900-4C975C25EDDB}.DVD-5|Any CPU.ActiveCfg = Debug|Any CPU
		{A9306F4E-384B-4319-9900-4C975C25EDDB}.DVD-5|Any CPU.Build.0 = Debug|Any CPU
		{A9306F4E-384B-4319-9900-4C975C25EDDB}.Release|Any CPU.ActiveCfg = Release|Any CPU
		{A9306F4E-384B-4319-9900-4C975C25EDDB}.Release|Any CPU.Build.0 = Release|Any CPU
		{A9306F4E-384B-4319-9900-4C975C25EDDB}.SingleImage|Any CPU.ActiveCfg = Release|Any CPU
		{A9306F4E-384B-4319-9900-4C975C25EDDB}.SingleImage|Any CPU.Build.0 = Release|Any CPU
		{5A513A5C-FDF0-45D5-BF5D-1D81E79074A0}.CD_ROM|Any CPU.ActiveCfg = Release|Any CPU
		{5A513A5C-FDF0-45D5-BF5D-1D81E79074A0}.CD_ROM|Any CPU.Build.0 = Release|Any CPU
		{5A513A5C-FDF0-45D5-BF5D-1D81E79074A0}.Debug|Any CPU.ActiveCfg = Debug|Any CPU
		{5A513A5C-FDF0-45D5-BF5D-1D81E79074A0}.Debug|Any CPU.Build.0 = Debug|Any CPU
		{5A513A5C-FDF0-45D5-BF5D-1D81E79074A0}.DVD-5|Any CPU.ActiveCfg = Debug|Any CPU
		{5A513A5C-FDF0-45D5-BF5D-1D81E79074A0}.DVD-5|Any CPU.Build.0 = Debug|Any CPU
		{5A513A5C-FDF0-45D5-BF5D-1D81E79074A0}.Release|Any CPU.ActiveCfg = Release|Any CPU
		{5A513A5C-FDF0-45D5-BF5D-1D81E79074A0}.Release|Any CPU.Build.0 = Release|Any CPU
		{5A513A5C-FDF0-45D5-BF5D-1D81E79074A0}.SingleImage|Any CPU.ActiveCfg = Release|Any CPU
		{5A513A5C-FDF0-45D5-BF5D-1D81E79074A0}.SingleImage|Any CPU.Build.0 = Release|Any CPU
		{E6DFA261-CDE5-4BC3-B6ED-564C203AC500}.CD_ROM|Any CPU.ActiveCfg = Release|Any CPU
		{E6DFA261-CDE5-4BC3-B6ED-564C203AC500}.CD_ROM|Any CPU.Build.0 = Release|Any CPU
		{E6DFA261-CDE5-4BC3-B6ED-564C203AC500}.Debug|Any CPU.ActiveCfg = Debug|Any CPU
		{E6DFA261-CDE5-4BC3-B6ED-564C203AC500}.Debug|Any CPU.Build.0 = Debug|Any CPU
		{E6DFA261-CDE5-4BC3-B6ED-564C203AC500}.DVD-5|Any CPU.ActiveCfg = Debug|Any CPU
		{E6DFA261-CDE5-4BC3-B6ED-564C203AC500}.DVD-5|Any CPU.Build.0 = Debug|Any CPU
		{E6DFA261-CDE5-4BC3-B6ED-564C203AC500}.Release|Any CPU.ActiveCfg = Release|Any CPU
		{E6DFA261-CDE5-4BC3-B6ED-564C203AC500}.Release|Any CPU.Build.0 = Release|Any CPU
		{E6DFA261-CDE5-4BC3-B6ED-564C203AC500}.SingleImage|Any CPU.ActiveCfg = Release|Any CPU
		{E6DFA261-CDE5-4BC3-B6ED-564C203AC500}.SingleImage|Any CPU.Build.0 = Release|Any CPU
		{2A803CAE-16F1-44C4-BF6D-2CAE88CDE659}.CD_ROM|Any CPU.ActiveCfg = Release|Any CPU
		{2A803CAE-16F1-44C4-BF6D-2CAE88CDE659}.CD_ROM|Any CPU.Build.0 = Release|Any CPU
		{2A803CAE-16F1-44C4-BF6D-2CAE88CDE659}.Debug|Any CPU.ActiveCfg = Debug|Any CPU
		{2A803CAE-16F1-44C4-BF6D-2CAE88CDE659}.Debug|Any CPU.Build.0 = Debug|Any CPU
		{2A803CAE-16F1-44C4-BF6D-2CAE88CDE659}.DVD-5|Any CPU.ActiveCfg = Debug|Any CPU
		{2A803CAE-16F1-44C4-BF6D-2CAE88CDE659}.DVD-5|Any CPU.Build.0 = Debug|Any CPU
		{2A803CAE-16F1-44C4-BF6D-2CAE88CDE659}.Release|Any CPU.ActiveCfg = Release|Any CPU
		{2A803CAE-16F1-44C4-BF6D-2CAE88CDE659}.Release|Any CPU.Build.0 = Release|Any CPU
		{2A803CAE-16F1-44C4-BF6D-2CAE88CDE659}.SingleImage|Any CPU.ActiveCfg = Release|Any CPU
		{2A803CAE-16F1-44C4-BF6D-2CAE88CDE659}.SingleImage|Any CPU.Build.0 = Release|Any CPU
		{BC1B622E-5D95-4BCB-88B9-908BF297BCA5}.CD_ROM|Any CPU.ActiveCfg = Release|Any CPU
		{BC1B622E-5D95-4BCB-88B9-908BF297BCA5}.CD_ROM|Any CPU.Build.0 = Release|Any CPU
		{BC1B622E-5D95-4BCB-88B9-908BF297BCA5}.Debug|Any CPU.ActiveCfg = Debug|Any CPU
		{BC1B622E-5D95-4BCB-88B9-908BF297BCA5}.Debug|Any CPU.Build.0 = Debug|Any CPU
		{BC1B622E-5D95-4BCB-88B9-908BF297BCA5}.DVD-5|Any CPU.ActiveCfg = Debug|Any CPU
		{BC1B622E-5D95-4BCB-88B9-908BF297BCA5}.DVD-5|Any CPU.Build.0 = Debug|Any CPU
		{BC1B622E-5D95-4BCB-88B9-908BF297BCA5}.Release|Any CPU.ActiveCfg = Release|Any CPU
		{BC1B622E-5D95-4BCB-88B9-908BF297BCA5}.Release|Any CPU.Build.0 = Release|Any CPU
		{BC1B622E-5D95-4BCB-88B9-908BF297BCA5}.SingleImage|Any CPU.ActiveCfg = Release|Any CPU
		{BC1B622E-5D95-4BCB-88B9-908BF297BCA5}.SingleImage|Any CPU.Build.0 = Release|Any CPU
	EndGlobalSection
	GlobalSection(SolutionProperties) = preSolution
		HideSolutionNode = FALSE
	EndGlobalSection
EndGlobal
